
Microsoft Visual Studio Solution File, Format Version 12.00
# Visual Studio Version 17
VisualStudioVersion = 17.1.32407.343
MinimumVisualStudioVersion = 10.0.40219.1
Project("{FAE04EC0-301F-11D3-BF4B-00C04F79EFBC}") = "Entities", "Entities\Entities.csproj", "{4000A86B-8E8B-4721-9F04-D787B0DCF841}"
EndProject
Project("{FAE04EC0-301F-11D3-BF4B-00C04F79EFBC}") = "DataAccess", "DataAccess\DataAccess.csproj", "{296115E3-53E1-4C6D-96D7-F2561D0DF716}"
EndProject
Project("{FAE04EC0-301F-11D3-BF4B-00C04F79EFBC}") = "Business", "Business\Business.csproj", "{B409DFB7-00CC-4711-A782-BD16123A4074}"
EndProject
Project("{FAE04EC0-301F-11D3-BF4B-00C04F79EFBC}") = "ConsoleIU", "ConsoleIU\ConsoleIU.csproj", "{C5FA4ACF-B3C1-4149-A9EC-4FB849A7ECC2}"
EndProject
Global
	GlobalSection(SolutionConfigurationPlatforms) = preSolution
		Debug|Any CPU = Debug|Any CPU
		Release|Any CPU = Release|Any CPU
	EndGlobalSection
	GlobalSection(ProjectConfigurationPlatforms) = postSolution
		{4000A86B-8E8B-4721-9F04-D787B0DCF841}.Debug|Any CPU.ActiveCfg = Debug|Any CPU
		{4000A86B-8E8B-4721-9F04-D787B0DCF841}.Debug|Any CPU.Build.0 = Debug|Any CPU
		{4000A86B-8E8B-4721-9F04-D787B0DCF841}.Release|Any CPU.ActiveCfg = Release|Any CPU
		{4000A86B-8E8B-4721-9F04-D787B0DCF841}.Release|Any CPU.Build.0 = Release|Any CPU
		{296115E3-53E1-4C6D-96D7-F2561D0DF716}.Debug|Any CPU.ActiveCfg = Debug|Any CPU
		{296115E3-53E1-4C6D-96D7-F2561D0DF716}.Debug|Any CPU.Build.0 = Debug|Any CPU
		{296115E3-53E1-4C6D-96D7-F2561D0DF716}.Release|Any CPU.ActiveCfg = Release|Any CPU
		{296115E3-53E1-4C6D-96D7-F2561D0DF716}.Release|Any CPU.Build.0 = Release|Any CPU
		{B409DFB7-00CC-4711-A782-BD16123A4074}.Debug|Any CPU.ActiveCfg = Debug|Any CPU
		{B409DFB7-00CC-4711-A782-BD16123A4074}.Debug|Any CPU.Build.0 = Debug|Any CPU
		{B409DFB7-00CC-4711-A782-BD16123A4074}.Release|Any CPU.ActiveCfg = Release|Any CPU
		{B409DFB7-00CC-4711-A782-BD16123A4074}.Release|Any CPU.Build.0 = Release|Any CPU
		{C5FA4ACF-B3C1-4149-A9EC-4FB849A7ECC2}.Debug|Any CPU.ActiveCfg = Debug|Any CPU
		{C5FA4ACF-B3C1-4149-A9EC-4FB849A7ECC2}.Debug|Any CPU.Build.0 = Debug|Any CPU
		{C5FA4ACF-B3C1-4149-A9EC-4FB849A7ECC2}.Release|Any CPU.ActiveCfg = Release|Any CPU
		{C5FA4ACF-B3C1-4149-A9EC-4FB849A7ECC2}.Release|Any CPU.Build.0 = Release|Any CPU
	EndGlobalSection
	GlobalSection(SolutionProperties) = preSolution
		HideSolutionNode = FALSE
	EndGlobalSection
	GlobalSection(ExtensibilityGlobals) = postSolution
		SolutionGuid = {515FE5D7-62D5-434A-A7B4-C68A81628852}
	EndGlobalSection
EndGlobal
